{
  "name": "Shield",
  "lockfileVersion": 3,
  "requires": true,
  "packages": {
    "": {
      "dependencies": {
        "@zk-kit/incremental-merkle-tree.sol": "^1.7.0",
        "poseidon-solidity": "^0.0.5"
      }
    },
    "node_modules/@zk-kit/incremental-merkle-tree.sol": {
      "version": "1.7.0",
      "resolved": "https://registry.npmjs.org/@zk-kit/incremental-merkle-tree.sol/-/incremental-merkle-tree.sol-1.7.0.tgz",
      "integrity": "sha512-1HF5HEQ2GVKYBAKeNlhiQ7Fb7g2x6iBQ/bBovxBQYx8xuJlD8jPJU/fn2foMVI42+BQtz2V/V4tVtn+0uNL1Rg==",
      "license": "MIT",
      "dependencies": {
        "poseidon-solidity": "0.0.4"
      }
    },
    "node_modules/@zk-kit/incremental-merkle-tree.sol/node_modules/poseidon-solidity": {
      "version": "0.0.4",
      "resolved": "https://registry.npmjs.org/poseidon-solidity/-/poseidon-solidity-0.0.4.tgz",
      "integrity": "sha512-+S6jlCXKARCFbw0MMOjfR8gcKUVeB8F3Vu5S+1zDvb8N8cVjiW6WsP9kPqNaZCxjRKakt6LKVRPdA39YbpWfdg==",
      "license": "MIT"
    },
    "node_modules/poseidon-solidity": {
      "version": "0.0.5",
      "resolved": "https://registry.npmjs.org/poseidon-solidity/-/poseidon-solidity-0.0.5.tgz",
      "integrity": "sha512-NzrvSwHzvZgT4hvg2GyGqeR+UOU/eLSEt4wAoXEua+VaR7NTKKwx1X9bPlh1VMBEVEno+IWvkRBbidFGzTeAqQ==",
      "license": "MIT"
    }
  }
}
